// !$*UTF8*$!
{
	archiveVersion = 1;
	classes = {
	};
	objectVersion = 46;
	objects = {

/* Begin PBXBuildFile section */
		63D870A91D36891900C19FD4 /* main.m in Sources */ = {isa = PBXBuildFile; fileRef = 63D870A81D36891900C19FD4 /* main.m */; };
		63D870AC1D36891900C19FD4 /* AppDelegate.m in Sources */ = {isa = PBXBuildFile; fileRef = 63D870AB1D36891900C19FD4 /* AppDelegate.m */; };
		63D870AF1D36891900C19FD4 /* ViewController.m in Sources */ = {isa = PBXBuildFile; fileRef = 63D870AE1D36891900C19FD4 /* ViewController.m */; };
		63D870B21D36891900C19FD4 /* Main.storyboard in Resources */ = {isa = PBXBuildFile; fileRef = 63D870B01D36891900C19FD4 /* Main.storyboard */; };
		63D870B41D36891900C19FD4 /* Images.xcassets in Resources */ = {isa = PBXBuildFile; fileRef = 63D870B31D36891900C19FD4 /* Images.xcassets */; };
		63D870B71D36891900C19FD4 /* LaunchScreen.xib in Resources */ = {isa = PBXBuildFile; fileRef = 63D870B51D36891900C19FD4 /* LaunchScreen.xib */; };
		63D870C31D36891900C19FD4 /* github_testTests.m in Sources */ = {isa = PBXBuildFile; fileRef = 63D870C21D36891900C19FD4 /* github_testTests.m */; };
/* End PBXBuildFile section */

/* Begin PBXContainerItemProxy section */
		63D870BD1D36891900C19FD4 /* PBXContainerItemProxy */ = {
			isa = PBXContainerItemProxy;
			containerPortal = 63D8709B1D36891800C19FD4 /* Project object */;
			proxyType = 1;
			remoteGlobalIDString = 63D870A21D36891800C19FD4;
			remoteInfo = "github-test";
		};
/* End PBXContainerItemProxy section */

/* Begin PBXFileReference section */
		63D870A31D36891800C19FD4 /* github-test.app */ = {isa = PBXFileReference; explicitFileType = wrapper.application; includeInIndex = 0; path = "github-test.app"; sourceTree = BUILT_PRODUCTS_DIR; };
		63D870A71D36891900C19FD4 /* Info.plist */ = {isa = PBXFileReference; lastKnownFileType = text.plist.xml; path = Info.plist; sourceTree = "<group>"; };
		63D870A81D36891900C19FD4 /* main.m */ = {isa = PBXFileReference; lastKnownFileType = sourcecode.c.objc; path = main.m; sourceTree = "<group>"; };
		63D870AA1D36891900C19FD4 /* AppDelegate.h */ = {isa = PBXFileReference; lastKnownFileType = sourcecode.c.h; path = AppDelegate.h; sourceTree = "<group>"; };
		63D870AB1D36891900C19FD4 /* AppDelegate.m */ = {isa = PBXFileReference; lastKnownFileType = sourcecode.c.objc; path = AppDelegate.m; sourceTree = "<group>"; };
		63D870AD1D36891900C19FD4 /* ViewController.h */ = {isa = PBXFileReference; lastKnownFileType = sourcecode.c.h; path = ViewController.h; sourceTree = "<group>"; };
		63D870AE1D36891900C19FD4 /* ViewController.m */ = {isa = PBXFileReference; lastKnownFileType = sourcecode.c.objc; path = ViewController.m; sourceTree = "<group>"; };
		63D870B11D36891900C19FD4 /* Base */ = {isa = PBXFileReference; lastKnownFileType = file.storyboard; name = Base; path = Base.lproj/Main.storyboard; sourceTree = "<group>"; };
		63D870B31D36891900C19FD4 /* Images.xcassets */ = {isa = PBXFileReference; lastKnownFileType = folder.assetcatalog; path = Images.xcassets; sourceTree = "<group>"; };
		63D870B61D36891900C19FD4 /* Base */ = {isa = PBXFileReference; lastKnownFileType = file.xib; name = Base; path = Base.lproj/LaunchScreen.xib; sourceTree = "<group>"; };
		63D870BC1D36891900C19FD4 /* github-testTests.xctest */ = {isa = PBXFileReference; explicitFileType = wrapper.cfbundle; includeInIndex = 0; path = "github-testTests.xctest"; sourceTree = BUILT_PRODUCTS_DIR; };
		63D870C11D36891900C19FD4 /* Info.plist */ = {isa = PBXFileReference; lastKnownFileType = text.plist.xml; path = Info.plist; sourceTree = "<group>"; };
		63D870C21D36891900C19FD4 /* github_testTests.m */ = {isa = PBXFileReference; lastKnownFileType = sourcecode.c.objc; path = github_testTests.m; sourceTree = "<group>"; };
/* End PBXFileReference section */

/* Begin PBXFrameworksBuildPhase section */
		63D870A01D36891800C19FD4 /* Frameworks */ = {
			isa = PBXFrameworksBuildPhase;
			buildActionMask = 2147483647;
			files = (
			);
			runOnlyForDeploymentPostprocessing = 0;
		};
		63D870B91D36891900C19FD4 /* Frameworks */ = {
			isa = PBXFrameworksBuildPhase;
			buildActionMask = 2147483647;
			files = (
			);
			runOnlyForDeploymentPostprocessing = 0;
		};
/* End PBXFrameworksBuildPhase section */

/* Begin PBXGroup section */
		63D8709A1D36891800C19FD4 = {
			isa = PBXGroup;
			children = (
				63D870A51D36891800C19FD4 /* github-test */,
				63D870BF1D36891900C19FD4 /* github-testTests */,
				63D870A41D36891800C19FD4 /* Products */,
			);
			sourceTree = "<group>";
		};
		63D870A41D36891800C19FD4 /* Products */ = {
			isa = PBXGroup;
			children = (
				63D870A31D36891800C19FD4 /* github-test.app */,
				63D870BC1D36891900C19FD4 /* github-testTests.xctest */,
			);
			name = Products;
			sourceTree = "<group>";
		};
		63D870A51D36891800C19FD4 /* github-test */ = {
			isa = PBXGroup;
			children = (
				63D870AA1D36891900C19FD4 /* AppDelegate.h */,
				63D870AB1D36891900C19FD4 /* AppDelegate.m */,
				63D870AD1D36891900C19FD4 /* ViewController.h */,
				63D870AE1D36891900C19FD4 /* ViewController.m */,
				63D870B01D36891900C19FD4 /* Main.storyboard */,
				63D870B31D36891900C19FD4 /* Images.xcassets */,
				63D870B51D36891900C19FD4 /* LaunchScreen.xib */,
				63D870A61D36891900C19FD4 /* Supporting Files */,
			);
			path = "github-test";
			sourceTree = "<group>";
		};
		63D870A61D36891900C19FD4 /* Supporting Files */ = {
			isa = PBXGroup;
			children = (
				63D870A71D36891900C19FD4 /* Info.plist */,
				63D870A81D36891900C19FD4 /* main.m */,
			);
			name = "Supporting Files";
			sourceTree = "<group>";
		};
		63D870BF1D36891900C19FD4 /* github-testTests */ = {
			isa = PBXGroup;
			children = (
				63D870C21D36891900C19FD4 /* github_testTests.m */,
				63D870C01D36891900C19FD4 /* Supporting Files */,
			);
			path = "github-testTests";
			sourceTree = "<group>";
		};
		63D870C01D36891900C19FD4 /* Supporting Files */ = {
			isa = PBXGroup;
			children = (
				63D870C11D36891900C19FD4 /* Info.plist */,
			);
			name = "Supporting Files";
			sourceTree = "<group>";
		};
/* End PBXGroup section */

/* Begin PBXNativeTarget section */
		63D870A21D36891800C19FD4 /* github-test */ = {
			isa = PBXNativeTarget;
			buildConfigurationList = 63D870C61D36891900C19FD4 /* Build configuration list for PBXNativeTarget "github-test" */;
			buildPhases = (
				63D8709F1D36891800C19FD4 /* Sources */,
				63D870A01D36891800C19FD4 /* Frameworks */,
				63D870A11D36891800C19FD4 /* Resources */,
			);
			buildRules = (
			);
			dependencies = (
			);
			name = "github-test";
			productName = "github-test";
			productReference = 63D870A31D36891800C19FD4 /* github-test.app */;
			productType = "com.apple.product-type.application";
		};
		63D870BB1D36891900C19FD4 /* github-testTests */ = {
			isa = PBXNativeTarget;
			buildConfigurationList = 63D870C91D36891900C19FD4 /* Build configuration list for PBXNativeTarget "github-testTests" */;
			buildPhases = (
				63D870B81D36891900C19FD4 /* Sources */,
				63D870B91D36891900C19FD4 /* Frameworks */,
				63D870BA1D36891900C19FD4 /* Resources */,
			);
			buildRules = (
			);
			dependencies = (
				63D870BE1D36891900C19FD4 /* PBXTargetDependency */,
			);
			name = "github-testTests";
			productName = "github-testTests";
			productReference = 63D870BC1D36891900C19FD4 /* github-testTests.xctest */;
			productType = "com.apple.product-type.bundle.unit-test";
		};
/* End PBXNativeTarget section */

/* Begin PBXProject section */
		63D8709B1D36891800C19FD4 /* Project object */ = {
			isa = PBXProject;
			attributes = {
				LastUpgradeCheck = 0640;
				ORGANIZATIONNAME = "CETC - Intermediate";
				TargetAttributes = {
					63D870A21D36891800C19FD4 = {
						CreatedOnToolsVersion = 6.4;
					};
					63D870BB1D36891900C19FD4 = {
						CreatedOnToolsVersion = 6.4;
						TestTargetID = 63D870A21D36891800C19FD4;
					};
				};
			};
			buildConfigurationList = 63D8709E1D36891800C19FD4 /* Build configuration list for PBXProject "github-test" */;
			compatibilityVersion = "Xcode 3.2";
			developmentRegion = English;
			hasScannedForEncodings = 0;
			knownRegions = (
				en,
				Base,
			);
			mainGroup = 63D8709A1D36891800C19FD4;
			productRefGroup = 63D870A41D36891800C19FD4 /* Products */;
			projectDirPath = "";
			projectRoot = "";
			targets = (
				63D870A21D36891800C19FD4 /* github-test */,
				63D870BB1D36891900C19FD4 /* github-testTests */,
			);
		};
/* End PBXProject section */

/* Begin PBXResourcesBuildPhase section */
		63D870A11D36891800C19FD4 /* Resources */ = {
			isa = PBXResourcesBuildPhase;
			buildActionMask = 2147483647;
			files = (
				63D870B21D36891900C19FD4 /* Main.storyboard in Resources */,
				63D870B71D36891900C19FD4 /* LaunchScreen.xib in Resources */,
				63D870B41D36891900C19FD4 /* Images.xcassets in Resources */,
			);
			runOnlyForDeploymentPostprocessing = 0;
		};
		63D870BA1D36891900C19FD4 /* Resources */ = {
			isa = PBXResourcesBuildPhase;
			buildActionMask = 2147483647;
			files = (
			);
			runOnlyForDeploymentPostprocessing = 0;
		};
/* End PBXResourcesBuildPhase section */

/* Begin PBXSourcesBuildPhase section */
		63D8709F1D36891800C19FD4 /* Sources */ = {
			isa = PBXSourcesBuildPhase;
			buildActionMask = 2147483647;
			files = (
				63D870AF1D36891900C19FD4 /* ViewController.m in Sources */,
				63D870AC1D36891900C19FD4 /* AppDelegate.m in Sources */,
				63D870A91D36891900C19FD4 /* main.m in Sources */,
			);
			runOnlyForDeploymentPostprocessing = 0;
		};
		63D870B81D36891900C19FD4 /* Sources */ = {
			isa = PBXSourcesBuildPhase;
			buildActionMask = 2147483647;
			files = (
				63D870C31D36891900C19FD4 /* github_testTests.m in Sources */,
			);
			runOnlyForDeploymentPostprocessing = 0;
		};
/* End PBXSourcesBuildPhase section */

/* Begin PBXTargetDependency section */
		63D870BE1D36891900C19FD4 /* PBXTargetDependency */ = {
			isa = PBXTargetDependency;
			target = 63D870A21D36891800C19FD4 /* github-test */;
			targetProxy = 63D870BD1D36891900C19FD4 /* PBXContainerItemProxy */;
		};
/* End PBXTargetDependency section */

/* Begin PBXVariantGroup section */
		63D870B01D36891900C19FD4 /* Main.storyboard */ = {
			isa = PBXVariantGroup;
			children = (
				63D870B11D36891900C19FD4 /* Base */,
			);
			name = Main.storyboard;
			sourceTree = "<group>";
		};
		63D870B51D36891900C19FD4 /* LaunchScreen.xib */ = {
			isa = PBXVariantGroup;
			children = (
				63D870B61D36891900C19FD4 /* Base */,
			);
			name = LaunchScreen.xib;
			sourceTree = "<group>";
		};
/* End PBXVariantGroup section */

/* Begin XCBuildConfiguration section */
		63D870C41D36891900C19FD4 /* Debug */ = {
			isa = XCBuildConfiguration;
			buildSettings = {
				ALWAYS_SEARCH_USER_PATHS = NO;
				CLANG_CXX_LANGUAGE_STANDARD = "gnu++0x";
				CLANG_CXX_LIBRARY = "libc++";
				CLANG_ENABLE_MODULES = YES;
				CLANG_ENABLE_OBJC_ARC = YES;
				CLANG_WARN_BOOL_CONVERSION = YES;
				CLANG_WARN_CONSTANT_CONVERSION = YES;
				CLANG_WARN_DIRECT_OBJC_ISA_USAGE = YES_ERROR;
				CLANG_WARN_EMPTY_BODY = YES;
				CLANG_WARN_ENUM_CONVERSION = YES;
				CLANG_WARN_INT_CONVERSION = YES;
				CLANG_WARN_OBJC_ROOT_CLASS = YES_ERROR;
				CLANG_WARN_UNREACHABLE_CODE = YES;
				CLANG_WARN__DUPLICATE_METHOD_MATCH = YES;
				"CODE_SIGN_IDENTITY[sdk=iphoneos*]" = "iPhone Developer";
				COPY_PHASE_STRIP = NO;
				DEBUG_INFORMATION_FORMAT = "dwarf-with-dsym";
				ENABLE_STRICT_OBJC_MSGSEND = YES;
				GCC_C_LANGUAGE_STANDARD = gnu99;
				GCC_DYNAMIC_NO_PIC = NO;
				GCC_NO_COMMON_BLOCKS = YES;
				GCC_OPTIMIZATION_LEVEL = 0;
				GCC_PREPROCESSOR_DEFINITIONS = (
					"DEBUG=1",
					"$(inherited)",
				);
				GCC_SYMBOLS_PRIVATE_EXTERN = NO;
				GCC_WARN_64_TO_32_BIT_CONVERSION = YES;
				GCC_WARN_ABOUT_RETURN_TYPE = YES_ERROR;
				GCC_WARN_UNDECLARED_SELECTOR = YES;
				GCC_WARN_UNINITIALIZED_AUTOS = YES_AGGRESSIVE;
				GCC_WARN_UNUSED_FUNCTION = YES;
				GCC_WARN_UNUSED_VARIABLE = YES;
				IPHONEOS_DEPLOYMENT_TARGET = 8.4;
				MTL_ENABLE_DEBUG_INFO = YES;
				ONLY_ACTIVE_ARCH = YES;
				SDKROOT = iphoneos;
			};
			name = Debug;
		};
		63D870C51D36891900C19FD4 /* Release */ = {
			isa = XCBuildConfiguration;
			buildSettings = {
				ALWAYS_SEARCH_USER_PATHS = NO;
				CLANG_CXX_LANGUAGE_STANDARD = "gnu++0x";
				CLANG_CXX_LIBRARY = "libc++";
				CLANG_ENABLE_MODULES = YES;
				CLANG_ENABLE_OBJC_ARC = YES;
				CLANG_WARN_BOOL_CONVERSION = YES;
				CLANG_WARN_CONSTANT_CONVERSION = YES;
				CLANG_WARN_DIRECT_OBJC_ISA_USAGE = YES_ERROR;
				CLANG_WARN_EMPTY_BODY = YES;
				CLANG_WARN_ENUM_CONVERSION = YES;
				CLANG_WARN_INT_CONVERSION = YES;
				CLANG_WARN_OBJC_ROOT_CLASS = YES_ERROR;
				CLANG_WARN_UNREACHABLE_CODE = YES;
				CLANG_WARN__DUPLICATE_METHOD_MATCH = YES;
				"CODE_SIGN_IDENTITY[sdk=iphoneos*]" = "iPhone Developer";
				COPY_PHASE_STRIP = NO;
				DEBUG_INFORMATION_FORMAT = "dwarf-with-dsym";
				ENABLE_NS_ASSERTIONS = NO;
				ENABLE_STRICT_OBJC_MSGSEND = YES;
				GCC_C_LANGUAGE_STANDARD = gnu99;
				GCC_NO_COMMON_BLOCKS = YES;
				GCC_WARN_64_TO_32_BIT_CONVERSION = YES;
				GCC_WARN_ABOUT_RETURN_TYPE = YES_ERROR;
				GCC_WARN_UNDECLARED_SELECTOR = YES;
				GCC_WARN_UNINITIALIZED_AUTOS = YES_AGGRESSIVE;
				GCC_WARN_UNUSED_FUNCTION = YES;
				GCC_WARN_UNUSED_VARIABLE = YES;
				IPHONEOS_DEPLOYMENT_TARGET = 8.4;
				MTL_ENABLE_DEBUG_INFO = NO;
				SDKROOT = iphoneos;
				VALIDATE_PRODUCT = YES;
			};
			name = Release;
		};
		63D870C71D36891900C19FD4 /* Debug */ = {
			isa = XCBuildConfiguration;
			buildSettings = {
				ASSETCATALOG_COMPILER_APPICON_NAME = AppIcon;
				INFOPLIST_FILE = "github-test/Info.plist";
				LD_RUNPATH_SEARCH_PATHS = "$(inherited) @executable_path/Frameworks";
				PRODUCT_NAME = "$(TARGET_NAME)";
			};
			name = Debug;
		};
		63D870C81D36891900C19FD4 /* Release */ = {
			isa = XCBuildConfiguration;
			buildSettings = {
				ASSETCATALOG_COMPILER_APPICON_NAME = AppIcon;
				INFOPLIST_FILE = "github-test/Info.plist";
				LD_RUNPATH_SEARCH_PATHS = "$(inherited) @executable_path/Frameworks";
				PRODUCT_NAME = "$(TARGET_NAME)";
			};
			name = Release;
		};
		63D870CA1D36891900C19FD4 /* Debug */ = {
			isa = XCBuildConfiguration;
			buildSettings = {
				BUNDLE_LOADER = "$(TEST_HOST)";
				FRAMEWORK_SEARCH_PATHS = (
					"$(SDKROOT)/Developer/Library/Frameworks",
					"$(inherited)",
				);
				GCC_PREPROCESSOR_DEFINITIONS = (
					"DEBUG=1",
					"$(inherited)",
				);
				INFOPLIST_FILE = "github-testTests/Info.plist";
				LD_RUNPATH_SEARCH_PATHS = "$(inherited) @executable_path/Frameworks @loader_path/Frameworks";
				PRODUCT_NAME = "$(TARGET_NAME)";
				TEST_HOST = "$(BUILT_PRODUCTS_DIR)/github-test.app/github-test";
			};
			name = Debug;
		};
		63D870CB1D36891900C19FD4 /* Release */ = {
			isa = XCBuildConfiguration;
			buildSettings = {
				BUNDLE_LOADER = "$(TEST_HOST)";
				FRAMEWORK_SEARCH_PATHS = (
					"$(SDKROOT)/Developer/Library/Frameworks",
					"$(inherited)",
				);
				INFOPLIST_FILE = "github-testTests/Info.plist";
				LD_RUNPATH_SEARCH_PATHS = "$(inherited) @executable_path/Frameworks @loader_path/Frameworks";
				PRODUCT_NAME = "$(TARGET_NAME)";
				TEST_HOST = "$(BUILT_PRODUCTS_DIR)/github-test.app/github-test";
			};
			name = Release;
		};
/* End XCBuildConfiguration section */

/* Begin XCConfigurationList section */
		63D8709E1D36891800C19FD4 /* Build configuration list for PBXProject "github-test" */ = {
			isa = XCConfigurationList;
			buildConfigurations = (
				63D870C41D36891900C19FD4 /* Debug */,
				63D870C51D36891900C19FD4 /* Release */,
			);
			defaultConfigurationIsVisible = 0;
			defaultConfigurationName = Release;
		};
		63D870C61D36891900C19FD4 /* Build configuration list for PBXNativeTarget "github-test" */ = {
			isa = XCConfigurationList;
			buildConfigurations = (
				63D870C71D36891900C19FD4 /* Debug */,
				63D870C81D36891900C19FD4 /* Release */,
			);
			defaultConfigurationIsVisible = 0;
		};
		63D870C91D36891900C19FD4 /* Build configuration list for PBXNativeTarget "github-testTests" */ = {
			isa = XCConfigurationList;
			buildConfigurations = (
				63D870CA1D36891900C19FD4 /* Debug */,
				63D870CB1D36891900C19FD4 /* Release */,
			);
			defaultConfigurationIsVisible = 0;
		};
/* End XCConfigurationList section */
	};
	rootObject = 63D8709B1D36891800C19FD4 /* Project object */;
}
